PODS:
  - Ads-Global/BUAdSDK_Compatible (5.1.1.0):
    - Ads-Global/BURelyAdSDK
    - Ads-Global/Dep_Compatible
  - Ads-Global/BURelyAdSDK (5.1.1.0)
  - Ads-Global/Dep_Compatible (5.1.1.0):
    - BURelyFoundation_Global/Pangle (~> 0.1.0.15)
  - AppLovinSDK (11.10.1)
  - BURelyFoundation_Global/AFNetworking (0.1.0.16)
  - BURelyFoundation_Global/Foundation (0.1.0.16):
    - BURelyFoundation_Global/NETWork
  - BURelyFoundation_Global/Gecko (0.1.0.16):
    - BURelyFoundation_Global/Foundation
  - BURelyFoundation_Global/Header (0.1.0.16)
  - BURelyFoundation_Global/NETWork (0.1.0.16):
    - BURelyFoundation_Global/AFNetworking
  - BURelyFoundation_Global/Pangle (0.1.0.16):
    - BURelyFoundation_Global/AFNetworking
    - BURelyFoundation_Global/Foundation
    - BURelyFoundation_Global/Gecko
    - BURelyFoundation_Global/Header
    - BURelyFoundation_Global/NETWork
    - BURelyFoundation_Global/SDWebImage
    - BURelyFoundation_Global/YYModel
    - BURelyFoundation_Global/ZFPlayer
    - BURelyFoundation_Global/Zip
  - BURelyFoundation_Global/SDWebImage (0.1.0.16):
    - BURelyFoundation_Global/Foundation
  - BURelyFoundation_Global/YYModel (0.1.0.16)
  - BURelyFoundation_Global/ZFPlayer (0.1.0.16):
    - BURelyFoundation_Global/Foundation
    - BURelyFoundation_Global/Zip
  - BURelyFoundation_Global/Zip (0.1.0.16):
    - BURelyFoundation_Global/Foundation
  - Fyber_Marketplace_SDK (8.2.1)
  - Google-Mobile-Ads-SDK (10.4.0):
    - GoogleAppMeasurement (< 11.0, >= 7.0)
    - GoogleUserMessagingPlatform (>= 1.1)
  - GoogleAppMeasurement (10.24.0):
    - GoogleAppMeasurement/AdIdSupport (= 10.24.0)
    - GoogleUtilities/AppDelegateSwizzler (~> 7.11)
    - GoogleUtilities/MethodSwizzler (~> 7.11)
    - GoogleUtilities/Network (~> 7.11)
    - "GoogleUtilities/NSData+zlib (~> 7.11)"
    - nanopb (< 2.30911.0, >= 2.30908.0)
  - GoogleAppMeasurement/AdIdSupport (10.24.0):
    - GoogleAppMeasurement/WithoutAdIdSupport (= 10.24.0)
    - GoogleUtilities/AppDelegateSwizzler (~> 7.11)
    - GoogleUtilities/MethodSwizzler (~> 7.11)
    - GoogleUtilities/Network (~> 7.11)
    - "GoogleUtilities/NSData+zlib (~> 7.11)"
    - nanopb (< 2.30911.0, >= 2.30908.0)
  - GoogleAppMeasurement/WithoutAdIdSupport (10.24.0):
    - GoogleUtilities/AppDelegateSwizzler (~> 7.11)
    - GoogleUtilities/MethodSwizzler (~> 7.11)
    - GoogleUtilities/Network (~> 7.11)
    - "GoogleUtilities/NSData+zlib (~> 7.11)"
    - nanopb (< 2.30911.0, >= 2.30908.0)
  - GoogleMobileAdsMediationAppLovin (11.10.1.0):
    - AppLovinSDK (= 11.10.1)
    - Google-Mobile-Ads-SDK (~> 10.4)
  - GoogleMobileAdsMediationFyber (8.2.1.0):
    - Fyber_Marketplace_SDK (= 8.2.1)
    - Google-Mobile-Ads-SDK (~> 10.4)
  - GoogleMobileAdsMediationInMobi (10.5.4.0):
    - Google-Mobile-Ads-SDK (~> 10.0)
    - InMobiSDK-Swift (= 10.5.4)
  - GoogleMobileAdsMediationIronSource (7.3.1.0.0):
    - Google-Mobile-Ads-SDK (~> 10.4)
    - IronSourceSDK (= 7.3.1.0)
  - GoogleMobileAdsMediationMintegral (7.3.6.0):
    - Google-Mobile-Ads-SDK (~> 10.4)
    - MintegralAdSDK (= 7.3.6)
  - GoogleMobileAdsMediationPangle (5.1.1.0.0):
    - Ads-Global/BUAdSDK_Compatible (= 5.1.1.0)
    - Google-Mobile-Ads-SDK (~> 10.4)
  - GoogleMobileAdsMediationVungle (7.0.0.0):
    - Google-Mobile-Ads-SDK (~> 10.4)
    - VungleAds (= 7.0.0)
  - GoogleUserMessagingPlatform (2.3.0)
  - GoogleUtilities/AppDelegateSwizzler (7.13.0):
    - GoogleUtilities/Environment
    - GoogleUtilities/Logger
    - GoogleUtilities/Network
    - GoogleUtilities/Privacy
  - GoogleUtilities/Environment (7.13.0):
    - GoogleUtilities/Privacy
    - PromisesObjC (< 3.0, >= 1.2)
  - GoogleUtilities/Logger (7.13.0):
    - GoogleUtilities/Environment
    - GoogleUtilities/Privacy
  - GoogleUtilities/MethodSwizzler (7.13.0):
    - GoogleUtilities/Logger
    - GoogleUtilities/Privacy
  - GoogleUtilities/Network (7.13.0):
    - GoogleUtilities/Logger
    - "GoogleUtilities/NSData+zlib"
    - GoogleUtilities/Privacy
    - GoogleUtilities/Reachability
  - "GoogleUtilities/NSData+zlib (7.13.0)":
    - GoogleUtilities/Privacy
  - GoogleUtilities/Privacy (7.13.0)
  - GoogleUtilities/Reachability (7.13.0):
    - GoogleUtilities/Logger
    - GoogleUtilities/Privacy
  - InMobiSDK-Swift (10.5.4)
  - IronSourceSDK (7.3.1.0)
  - MintegralAdSDK (7.3.6):
    - MintegralAdSDK/BannerAd (= 7.3.6)
    - MintegralAdSDK/BidBannerAd (= 7.3.6)
    - MintegralAdSDK/BidInterstitialVideoAd (= 7.3.6)
    - MintegralAdSDK/BidNativeAd (= 7.3.6)
    - MintegralAdSDK/BidNewInterstitialAd (= 7.3.6)
    - MintegralAdSDK/BidRewardVideoAd (= 7.3.6)
    - MintegralAdSDK/InterstitialVideoAd (= 7.3.6)
    - MintegralAdSDK/NativeAd (= 7.3.6)
    - MintegralAdSDK/NewInterstitialAd (= 7.3.6)
    - MintegralAdSDK/RewardVideoAd (= 7.3.6)
  - MintegralAdSDK/BannerAd (7.3.6):
    - MintegralAdSDK/NativeAd
  - MintegralAdSDK/BidBannerAd (7.3.6):
    - MintegralAdSDK/BannerAd
    - MintegralAdSDK/BidNativeAd
  - MintegralAdSDK/BidInterstitialVideoAd (7.3.6):
    - MintegralAdSDK/BidNativeAd
    - MintegralAdSDK/InterstitialVideoAd
  - MintegralAdSDK/BidNativeAd (7.3.6):
    - MintegralAdSDK/NativeAd
  - MintegralAdSDK/BidNewInterstitialAd (7.3.6):
    - MintegralAdSDK/BidNativeAd
    - MintegralAdSDK/NewInterstitialAd
  - MintegralAdSDK/BidRewardVideoAd (7.3.6):
    - MintegralAdSDK/BidNativeAd
    - MintegralAdSDK/RewardVideoAd
  - MintegralAdSDK/InterstitialVideoAd (7.3.6):
    - MintegralAdSDK/NativeAd
  - MintegralAdSDK/NativeAd (7.3.6)
  - MintegralAdSDK/NewInterstitialAd (7.3.6):
    - MintegralAdSDK/InterstitialVideoAd
    - MintegralAdSDK/NativeAd
  - MintegralAdSDK/RewardVideoAd (7.3.6):
    - MintegralAdSDK/NativeAd
  - nanopb (2.30910.0):
    - nanopb/decode (= 2.30910.0)
    - nanopb/encode (= 2.30910.0)
  - nanopb/decode (2.30910.0)
  - nanopb/encode (2.30910.0)
  - PromisesObjC (2.4.0)
  - VungleAds (7.0.0)

DEPENDENCIES:
  - Google-Mobile-Ads-SDK (= 10.4.0)
  - GoogleMobileAdsMediationAppLovin (= 11.10.1.0)
  - GoogleMobileAdsMediationFyber (= 8.2.1.0)
  - GoogleMobileAdsMediationInMobi (= 10.5.4.0)
  - GoogleMobileAdsMediationIronSource (= 7.3.1.0.0)
  - GoogleMobileAdsMediationMintegral (= 7.3.6.0)
  - GoogleMobileAdsMediationPangle (= 5.1.1.0)
  - GoogleMobileAdsMediationVungle (= 7.0.0.0)

SPEC REPOS:
  trunk:
    - Ads-Global
    - AppLovinSDK
    - BURelyFoundation_Global
    - Fyber_Marketplace_SDK
    - Google-Mobile-Ads-SDK
    - GoogleAppMeasurement
    - GoogleMobileAdsMediationAppLovin
    - GoogleMobileAdsMediationFyber
    - GoogleMobileAdsMediationInMobi
    - GoogleMobileAdsMediationIronSource
    - GoogleMobileAdsMediationMintegral
    - GoogleMobileAdsMediationPangle
    - GoogleMobileAdsMediationVungle
    - GoogleUserMessagingPlatform
    - GoogleUtilities
    - InMobiSDK-Swift
    - IronSourceSDK
    - MintegralAdSDK
    - nanopb
    - PromisesObjC
    - VungleAds

SPEC CHECKSUMS:
  Ads-Global: 00b9ea5ee85583d3049e6213ffab34250df0943a
  AppLovinSDK: a76e8ec3d34fb172c7a32c15efe6805e070c918a
  BURelyFoundation_Global: 4c9c90e6880e9e426052ac00577734098e3e5e60
  Fyber_Marketplace_SDK: 62b7f9bfe410cba0677f28d7e65c069d49bcad35
  Google-Mobile-Ads-SDK: 32fe7836431a06a29f7734ae092b600137c8108d
  GoogleAppMeasurement: f3abf08495ef2cba7829f15318c373b8d9226491
  GoogleMobileAdsMediationAppLovin: ab7983054bc0c4156644ccffabf33673a9069664
  GoogleMobileAdsMediationFyber: 178dd4e128158ab0c74bc7337f4a1b9de46815ee
  GoogleMobileAdsMediationInMobi: fc3c63de72b47dc3405e41f5f8bd0e7abcd36460
  GoogleMobileAdsMediationIronSource: 7c398cb5f88c955fdfd3b7630d934dfbc1414af8
  GoogleMobileAdsMediationMintegral: 82348b2ecd8ceae27a0a1822c4a73e5947e9fa62
  GoogleMobileAdsMediationPangle: 7e8fd92ed7f6a2316c028d40cc4cd1aaf5a844c3
  GoogleMobileAdsMediationVungle: 943e24c49784963d4ec1946c9a51ce8f54b9d0c5
  GoogleUserMessagingPlatform: b1ad7bb1ee3ce64749d4fec24f667b36e45c396c
  GoogleUtilities: d053d902a8edaa9904e1bd00c37535385b8ed152
  InMobiSDK-Swift: b17a5daec5c738738018e1f987906065eca2c0e2
  IronSourceSDK: eb6d95e3528d2163343d79ec70ec7d065e808864
  MintegralAdSDK: 9d87097c51771c27b17939196de52e2508ebf37e
  nanopb: 438bc412db1928dac798aa6fd75726007be04262
  PromisesObjC: f5707f49cb48b9636751c5b2e7d227e43fba9f47
  VungleAds: f3bc7f1109c56e455777999661faedbb7c01483f

PODFILE CHECKSUM: a60df0e47ad1b19620ce33741832e9ffaed80dae

COCOAPODS: 1.15.2
